
Microsoft Visual Studio Solution File, Format Version 12.00
# Visual Studio Version 17
VisualStudioVersion = 17.3.32929.385
MinimumVisualStudioVersion = 10.0.40219.1
Project("{9A19103F-16F7-4668-BE54-9A1E7A4F7556}") = "Anticafe", "Anticafe\Anticafe.csproj", "{82A1ADAF-8575-4262-A31D-D27798C94CFB}"
EndProject
Project("{2150E333-8FDC-42A3-9474-1A3956D46DE8}") = "tests", "tests", "{4C3678DD-CE52-4ED2-883E-A85D63AF5CBF}"
EndProject
Project("{9A19103F-16F7-4668-BE54-9A1E7A4F7556}") = "UnitTests", "tests\UnitTests\UnitTests.csproj", "{79EDE27C-27B4-40BB-964F-B9FEDD080D22}"
EndProject
Project("{9A19103F-16F7-4668-BE54-9A1E7A4F7556}") = "Common", "Common\Common.csproj", "{98ABADE8-5224-49DA-903A-C5956A2245A4}"
EndProject
Project("{9A19103F-16F7-4668-BE54-9A1E7A4F7556}") = "DataAccess", "DataAccess\DataAccess.csproj", "{C51DAE4A-9C24-4573-B114-02E66282A09E}"
EndProject
Project("{9A19103F-16F7-4668-BE54-9A1E7A4F7556}") = "BL", "BL\BL.csproj", "{08F9A8DB-D13B-4DC3-BEE5-0BD610CD8802}"
EndProject
Project("{FAE04EC0-301F-11D3-BF4B-00C04F79EFBC}") = "Converter", "Converter\Converter.csproj", "{C3E54CE1-F182-4EB1-AFC3-839632781D81}"
EndProject
Global
	GlobalSection(SolutionConfigurationPlatforms) = preSolution
		Debug|Any CPU = Debug|Any CPU
		Release|Any CPU = Release|Any CPU
	EndGlobalSection
	GlobalSection(ProjectConfigurationPlatforms) = postSolution
		{82A1ADAF-8575-4262-A31D-D27798C94CFB}.Debug|Any CPU.ActiveCfg = Debug|Any CPU
		{82A1ADAF-8575-4262-A31D-D27798C94CFB}.Debug|Any CPU.Build.0 = Debug|Any CPU
		{82A1ADAF-8575-4262-A31D-D27798C94CFB}.Release|Any CPU.ActiveCfg = Release|Any CPU
		{82A1ADAF-8575-4262-A31D-D27798C94CFB}.Release|Any CPU.Build.0 = Release|Any CPU
		{79EDE27C-27B4-40BB-964F-B9FEDD080D22}.Debug|Any CPU.ActiveCfg = Debug|Any CPU
		{79EDE27C-27B4-40BB-964F-B9FEDD080D22}.Debug|Any CPU.Build.0 = Debug|Any CPU
		{79EDE27C-27B4-40BB-964F-B9FEDD080D22}.Release|Any CPU.ActiveCfg = Release|Any CPU
		{79EDE27C-27B4-40BB-964F-B9FEDD080D22}.Release|Any CPU.Build.0 = Release|Any CPU
		{98ABADE8-5224-49DA-903A-C5956A2245A4}.Debug|Any CPU.ActiveCfg = Debug|Any CPU
		{98ABADE8-5224-49DA-903A-C5956A2245A4}.Debug|Any CPU.Build.0 = Debug|Any CPU
		{98ABADE8-5224-49DA-903A-C5956A2245A4}.Release|Any CPU.ActiveCfg = Release|Any CPU
		{98ABADE8-5224-49DA-903A-C5956A2245A4}.Release|Any CPU.Build.0 = Release|Any CPU
		{C51DAE4A-9C24-4573-B114-02E66282A09E}.Debug|Any CPU.ActiveCfg = Debug|Any CPU
		{C51DAE4A-9C24-4573-B114-02E66282A09E}.Debug|Any CPU.Build.0 = Debug|Any CPU
		{C51DAE4A-9C24-4573-B114-02E66282A09E}.Release|Any CPU.ActiveCfg = Release|Any CPU
		{C51DAE4A-9C24-4573-B114-02E66282A09E}.Release|Any CPU.Build.0 = Release|Any CPU
		{08F9A8DB-D13B-4DC3-BEE5-0BD610CD8802}.Debug|Any CPU.ActiveCfg = Debug|Any CPU
		{08F9A8DB-D13B-4DC3-BEE5-0BD610CD8802}.Debug|Any CPU.Build.0 = Debug|Any CPU
		{08F9A8DB-D13B-4DC3-BEE5-0BD610CD8802}.Release|Any CPU.ActiveCfg = Release|Any CPU
		{08F9A8DB-D13B-4DC3-BEE5-0BD610CD8802}.Release|Any CPU.Build.0 = Release|Any CPU
		{C3E54CE1-F182-4EB1-AFC3-839632781D81}.Debug|Any CPU.ActiveCfg = Debug|Any CPU
		{C3E54CE1-F182-4EB1-AFC3-839632781D81}.Debug|Any CPU.Build.0 = Debug|Any CPU
		{C3E54CE1-F182-4EB1-AFC3-839632781D81}.Release|Any CPU.ActiveCfg = Release|Any CPU
		{C3E54CE1-F182-4EB1-AFC3-839632781D81}.Release|Any CPU.Build.0 = Release|Any CPU
	EndGlobalSection
	GlobalSection(SolutionProperties) = preSolution
		HideSolutionNode = FALSE
	EndGlobalSection
	GlobalSection(NestedProjects) = preSolution
		{79EDE27C-27B4-40BB-964F-B9FEDD080D22} = {4C3678DD-CE52-4ED2-883E-A85D63AF5CBF}
	EndGlobalSection
	GlobalSection(ExtensibilityGlobals) = postSolution
		SolutionGuid = {2E71563E-2237-43E3-8A05-75F7F5F08539}
	EndGlobalSection
EndGlobal
