
Microsoft Visual Studio Solution File, Format Version 12.00
# Visual Studio Version 17
VisualStudioVersion = 17.3.32929.385
MinimumVisualStudioVersion = 10.0.40219.1
Project("{9A19103F-16F7-4668-BE54-9A1E7A4F7556}") = "Portal.Database.Models", "Database\Portal.Database.Models\Portal.Database.Models.csproj", "{017AED3F-D6DB-4E82-B353-8741FA7FE24C}"
EndProject
Project("{9A19103F-16F7-4668-BE54-9A1E7A4F7556}") = "Portal.Database.Repositories", "Database\Portal.Database.Repository\Portal.Database.Repositories.csproj", "{1524087F-B64C-427D-B754-97E9F1F512FC}"
EndProject
Project("{9A19103F-16F7-4668-BE54-9A1E7A4F7556}") = "Portal.Services.UserService", "Services\Portal.Services.UserService\Portal.Services.UserService.csproj", "{95D87BDF-B0A7-417A-8AB4-D543A2D35A84}"
EndProject
Project("{9A19103F-16F7-4668-BE54-9A1E7A4F7556}") = "Portal.Services.ZoneService", "Services\Portal.Services.ZoneService\Portal.Services.ZoneService.csproj", "{ACB605BD-96C2-4B25-8DBB-D3922635B80F}"
EndProject
Project("{9A19103F-16F7-4668-BE54-9A1E7A4F7556}") = "Portal.Services.OauthService", "Services\Portal.Services.OauthService\Portal.Services.OauthService.csproj", "{38444D2D-066B-4ACF-BD8B-0D7DEE9AF108}"
EndProject
Project("{9A19103F-16F7-4668-BE54-9A1E7A4F7556}") = "Portal.Services.MenuService", "Services\Portal.Services.MenuService\Portal.Services.MenuService.csproj", "{71E0E919-36E3-4AC2-B2F6-6C4C551AF180}"
EndProject
Project("{9A19103F-16F7-4668-BE54-9A1E7A4F7556}") = "Portal.Common.Core", "Common\Portal.Common.Core\Portal.Common.Core.csproj", "{AF4D8DA6-3651-425C-866F-B82E1D41F946}"
EndProject
Project("{9A19103F-16F7-4668-BE54-9A1E7A4F7556}") = "Portal.Common.Converter", "Common\Portal.Common.Converter\Portal.Common.Converter.csproj", "{28C06415-984D-4F30-92A1-802D360E8985}"
EndProject
Project("{9A19103F-16F7-4668-BE54-9A1E7A4F7556}") = "Portal.Services.BookingService", "Services\Portal.Services.BookingService\Portal.Services.BookingService.csproj", "{58F80730-CC53-4F9D-8C8A-72EAFDD9FA97}"
EndProject
Project("{9A19103F-16F7-4668-BE54-9A1E7A4F7556}") = "Portal.Services.FeedbackService", "Services\Portal.Services.FeedbackService\Portal.Services.FeedbackService.csproj", "{132DF200-F21C-4CEA-8012-C85601000FF4}"
EndProject
Project("{2150E333-8FDC-42A3-9474-1A3956D46DE8}") = "Tests", "Tests", "{80A2BFE1-FACB-4D79-8A87-A967A4808E56}"
EndProject
Project("{9A19103F-16F7-4668-BE54-9A1E7A4F7556}") = "UnitTests.Services", "Tests\UnitTests\UnitTests.Services\UnitTests.Services.csproj", "{DB34955A-1CA9-4E4E-ACD1-4F79A6D1A0EF}"
EndProject
Project("{9A19103F-16F7-4668-BE54-9A1E7A4F7556}") = "Portal.Services.PackageService", "Services\Portal.Services.PackageService\Portal.Services.PackageService.csproj", "{1647AA3B-83CA-41E6-931A-3BC2DD2F192E}"
EndProject
Project("{9A19103F-16F7-4668-BE54-9A1E7A4F7556}") = "Portal.Services.InventoryServices", "Services\Portal.Services.InventoryServices\Portal.Services.InventoryServices.csproj", "{D3C79195-0014-42A2-9BA0-40AB661CDE38}"
EndProject
Project("{9A19103F-16F7-4668-BE54-9A1E7A4F7556}") = "Portal.Database.Context", "Database\Portal.Database.Context\Portal.Database.Context.csproj", "{3F52226F-219B-48FB-8701-54220EA3AC59}"
EndProject
Project("{9A19103F-16F7-4668-BE54-9A1E7A4F7556}") = "IntegrationalTests.Services", "Tests\IntegrationalTests.Services\IntegrationalTests.Services.csproj", "{F50703FA-DDF5-4EF2-B44B-81DA6D63B48D}"
EndProject
Project("{FAE04EC0-301F-11D3-BF4B-00C04F79EFBC}") = "Portal", "Portal\Portal.csproj", "{3C15A982-D7A5-468D-816D-6CC1B6CE28D2}"
EndProject
Project("{2150E333-8FDC-42A3-9474-1A3956D46DE8}") = "Common", "Common", "{53728DE3-F73A-46CC-9051-AAD7BE9E34DC}"
EndProject
Project("{2150E333-8FDC-42A3-9474-1A3956D46DE8}") = "Database", "Database", "{459DC801-E5B0-4538-A426-D892B9C3292B}"
EndProject
Project("{2150E333-8FDC-42A3-9474-1A3956D46DE8}") = "Services", "Services", "{C8403143-7B58-43F2-9214-1260F9E0A10A}"
EndProject
Project("{FAE04EC0-301F-11D3-BF4B-00C04F79EFBC}") = "Portal.Database.Core", "Database\Portal.Database.Core\Portal.Database.Core.csproj", "{77396F49-855E-4556-81D8-A32C30B05E85}"
EndProject
Project("{FAE04EC0-301F-11D3-BF4B-00C04F79EFBC}") = "Portal.Common.JsonConverter", "Common\Portal.Common.JsonConverter\Portal.Common.JsonConverter.csproj", "{3FC64607-AB96-406B-980B-8560D67EDAD0}"
EndProject
Project("{FAE04EC0-301F-11D3-BF4B-00C04F79EFBC}") = "IntegrationalTests.Controllers", "Tests\IntegrationalTests.Controllers\IntegrationalTests.Controllers.csproj", "{53AEB146-F32F-4AD0-B0CE-6DDE622A266A}"
EndProject
Project("{FAE04EC0-301F-11D3-BF4B-00C04F79EFBC}") = "Portal.Common.Dto", "Common\Portal.Common.Dto\Portal.Common.Dto.csproj", "{16BDE2ED-5D57-41E1-BE3A-B9AF58844303}"
EndProject
Project("{FAE04EC0-301F-11D3-BF4B-00C04F79EFBC}") = "Portal.Common.Enums", "Common\Portal.Common.Enums\Portal.Common.Enums.csproj", "{6CEA9C65-9317-4FB0-B7DF-C5E4F2916929}"
EndProject
Global
	GlobalSection(SolutionConfigurationPlatforms) = preSolution
		Debug|Any CPU = Debug|Any CPU
		Release|Any CPU = Release|Any CPU
	EndGlobalSection
	GlobalSection(ProjectConfigurationPlatforms) = postSolution
		{017AED3F-D6DB-4E82-B353-8741FA7FE24C}.Debug|Any CPU.ActiveCfg = Debug|Any CPU
		{017AED3F-D6DB-4E82-B353-8741FA7FE24C}.Debug|Any CPU.Build.0 = Debug|Any CPU
		{017AED3F-D6DB-4E82-B353-8741FA7FE24C}.Release|Any CPU.ActiveCfg = Release|Any CPU
		{017AED3F-D6DB-4E82-B353-8741FA7FE24C}.Release|Any CPU.Build.0 = Release|Any CPU
		{1524087F-B64C-427D-B754-97E9F1F512FC}.Debug|Any CPU.ActiveCfg = Debug|Any CPU
		{1524087F-B64C-427D-B754-97E9F1F512FC}.Debug|Any CPU.Build.0 = Debug|Any CPU
		{1524087F-B64C-427D-B754-97E9F1F512FC}.Release|Any CPU.ActiveCfg = Release|Any CPU
		{1524087F-B64C-427D-B754-97E9F1F512FC}.Release|Any CPU.Build.0 = Release|Any CPU
		{95D87BDF-B0A7-417A-8AB4-D543A2D35A84}.Debug|Any CPU.ActiveCfg = Debug|Any CPU
		{95D87BDF-B0A7-417A-8AB4-D543A2D35A84}.Debug|Any CPU.Build.0 = Debug|Any CPU
		{95D87BDF-B0A7-417A-8AB4-D543A2D35A84}.Release|Any CPU.ActiveCfg = Release|Any CPU
		{95D87BDF-B0A7-417A-8AB4-D543A2D35A84}.Release|Any CPU.Build.0 = Release|Any CPU
		{ACB605BD-96C2-4B25-8DBB-D3922635B80F}.Debug|Any CPU.ActiveCfg = Debug|Any CPU
		{ACB605BD-96C2-4B25-8DBB-D3922635B80F}.Debug|Any CPU.Build.0 = Debug|Any CPU
		{ACB605BD-96C2-4B25-8DBB-D3922635B80F}.Release|Any CPU.ActiveCfg = Release|Any CPU
		{ACB605BD-96C2-4B25-8DBB-D3922635B80F}.Release|Any CPU.Build.0 = Release|Any CPU
		{38444D2D-066B-4ACF-BD8B-0D7DEE9AF108}.Debug|Any CPU.ActiveCfg = Debug|Any CPU
		{38444D2D-066B-4ACF-BD8B-0D7DEE9AF108}.Debug|Any CPU.Build.0 = Debug|Any CPU
		{38444D2D-066B-4ACF-BD8B-0D7DEE9AF108}.Release|Any CPU.ActiveCfg = Release|Any CPU
		{38444D2D-066B-4ACF-BD8B-0D7DEE9AF108}.Release|Any CPU.Build.0 = Release|Any CPU
		{71E0E919-36E3-4AC2-B2F6-6C4C551AF180}.Debug|Any CPU.ActiveCfg = Debug|Any CPU
		{71E0E919-36E3-4AC2-B2F6-6C4C551AF180}.Debug|Any CPU.Build.0 = Debug|Any CPU
		{71E0E919-36E3-4AC2-B2F6-6C4C551AF180}.Release|Any CPU.ActiveCfg = Release|Any CPU
		{71E0E919-36E3-4AC2-B2F6-6C4C551AF180}.Release|Any CPU.Build.0 = Release|Any CPU
		{AF4D8DA6-3651-425C-866F-B82E1D41F946}.Debug|Any CPU.ActiveCfg = Debug|Any CPU
		{AF4D8DA6-3651-425C-866F-B82E1D41F946}.Debug|Any CPU.Build.0 = Debug|Any CPU
		{AF4D8DA6-3651-425C-866F-B82E1D41F946}.Release|Any CPU.ActiveCfg = Release|Any CPU
		{AF4D8DA6-3651-425C-866F-B82E1D41F946}.Release|Any CPU.Build.0 = Release|Any CPU
		{28C06415-984D-4F30-92A1-802D360E8985}.Debug|Any CPU.ActiveCfg = Debug|Any CPU
		{28C06415-984D-4F30-92A1-802D360E8985}.Debug|Any CPU.Build.0 = Debug|Any CPU
		{28C06415-984D-4F30-92A1-802D360E8985}.Release|Any CPU.ActiveCfg = Release|Any CPU
		{28C06415-984D-4F30-92A1-802D360E8985}.Release|Any CPU.Build.0 = Release|Any CPU
		{58F80730-CC53-4F9D-8C8A-72EAFDD9FA97}.Debug|Any CPU.ActiveCfg = Debug|Any CPU
		{58F80730-CC53-4F9D-8C8A-72EAFDD9FA97}.Debug|Any CPU.Build.0 = Debug|Any CPU
		{58F80730-CC53-4F9D-8C8A-72EAFDD9FA97}.Release|Any CPU.ActiveCfg = Release|Any CPU
		{58F80730-CC53-4F9D-8C8A-72EAFDD9FA97}.Release|Any CPU.Build.0 = Release|Any CPU
		{132DF200-F21C-4CEA-8012-C85601000FF4}.Debug|Any CPU.ActiveCfg = Debug|Any CPU
		{132DF200-F21C-4CEA-8012-C85601000FF4}.Debug|Any CPU.Build.0 = Debug|Any CPU
		{132DF200-F21C-4CEA-8012-C85601000FF4}.Release|Any CPU.ActiveCfg = Release|Any CPU
		{132DF200-F21C-4CEA-8012-C85601000FF4}.Release|Any CPU.Build.0 = Release|Any CPU
		{DB34955A-1CA9-4E4E-ACD1-4F79A6D1A0EF}.Debug|Any CPU.ActiveCfg = Debug|Any CPU
		{DB34955A-1CA9-4E4E-ACD1-4F79A6D1A0EF}.Debug|Any CPU.Build.0 = Debug|Any CPU
		{DB34955A-1CA9-4E4E-ACD1-4F79A6D1A0EF}.Release|Any CPU.ActiveCfg = Release|Any CPU
		{DB34955A-1CA9-4E4E-ACD1-4F79A6D1A0EF}.Release|Any CPU.Build.0 = Release|Any CPU
		{1647AA3B-83CA-41E6-931A-3BC2DD2F192E}.Debug|Any CPU.ActiveCfg = Debug|Any CPU
		{1647AA3B-83CA-41E6-931A-3BC2DD2F192E}.Debug|Any CPU.Build.0 = Debug|Any CPU
		{1647AA3B-83CA-41E6-931A-3BC2DD2F192E}.Release|Any CPU.ActiveCfg = Release|Any CPU
		{1647AA3B-83CA-41E6-931A-3BC2DD2F192E}.Release|Any CPU.Build.0 = Release|Any CPU
		{D3C79195-0014-42A2-9BA0-40AB661CDE38}.Debug|Any CPU.ActiveCfg = Debug|Any CPU
		{D3C79195-0014-42A2-9BA0-40AB661CDE38}.Debug|Any CPU.Build.0 = Debug|Any CPU
		{D3C79195-0014-42A2-9BA0-40AB661CDE38}.Release|Any CPU.ActiveCfg = Release|Any CPU
		{D3C79195-0014-42A2-9BA0-40AB661CDE38}.Release|Any CPU.Build.0 = Release|Any CPU
		{3F52226F-219B-48FB-8701-54220EA3AC59}.Debug|Any CPU.ActiveCfg = Debug|Any CPU
		{3F52226F-219B-48FB-8701-54220EA3AC59}.Debug|Any CPU.Build.0 = Debug|Any CPU
		{3F52226F-219B-48FB-8701-54220EA3AC59}.Release|Any CPU.ActiveCfg = Release|Any CPU
		{3F52226F-219B-48FB-8701-54220EA3AC59}.Release|Any CPU.Build.0 = Release|Any CPU
		{F50703FA-DDF5-4EF2-B44B-81DA6D63B48D}.Debug|Any CPU.ActiveCfg = Debug|Any CPU
		{F50703FA-DDF5-4EF2-B44B-81DA6D63B48D}.Debug|Any CPU.Build.0 = Debug|Any CPU
		{F50703FA-DDF5-4EF2-B44B-81DA6D63B48D}.Release|Any CPU.ActiveCfg = Release|Any CPU
		{F50703FA-DDF5-4EF2-B44B-81DA6D63B48D}.Release|Any CPU.Build.0 = Release|Any CPU
		{3C15A982-D7A5-468D-816D-6CC1B6CE28D2}.Debug|Any CPU.ActiveCfg = Debug|Any CPU
		{3C15A982-D7A5-468D-816D-6CC1B6CE28D2}.Debug|Any CPU.Build.0 = Debug|Any CPU
		{3C15A982-D7A5-468D-816D-6CC1B6CE28D2}.Release|Any CPU.ActiveCfg = Release|Any CPU
		{3C15A982-D7A5-468D-816D-6CC1B6CE28D2}.Release|Any CPU.Build.0 = Release|Any CPU
		{77396F49-855E-4556-81D8-A32C30B05E85}.Debug|Any CPU.ActiveCfg = Debug|Any CPU
		{77396F49-855E-4556-81D8-A32C30B05E85}.Debug|Any CPU.Build.0 = Debug|Any CPU
		{77396F49-855E-4556-81D8-A32C30B05E85}.Release|Any CPU.ActiveCfg = Release|Any CPU
		{77396F49-855E-4556-81D8-A32C30B05E85}.Release|Any CPU.Build.0 = Release|Any CPU
		{3FC64607-AB96-406B-980B-8560D67EDAD0}.Debug|Any CPU.ActiveCfg = Debug|Any CPU
		{3FC64607-AB96-406B-980B-8560D67EDAD0}.Debug|Any CPU.Build.0 = Debug|Any CPU
		{3FC64607-AB96-406B-980B-8560D67EDAD0}.Release|Any CPU.ActiveCfg = Release|Any CPU
		{3FC64607-AB96-406B-980B-8560D67EDAD0}.Release|Any CPU.Build.0 = Release|Any CPU
		{53AEB146-F32F-4AD0-B0CE-6DDE622A266A}.Debug|Any CPU.ActiveCfg = Debug|Any CPU
		{53AEB146-F32F-4AD0-B0CE-6DDE622A266A}.Debug|Any CPU.Build.0 = Debug|Any CPU
		{53AEB146-F32F-4AD0-B0CE-6DDE622A266A}.Release|Any CPU.ActiveCfg = Release|Any CPU
		{53AEB146-F32F-4AD0-B0CE-6DDE622A266A}.Release|Any CPU.Build.0 = Release|Any CPU
		{16BDE2ED-5D57-41E1-BE3A-B9AF58844303}.Debug|Any CPU.ActiveCfg = Debug|Any CPU
		{16BDE2ED-5D57-41E1-BE3A-B9AF58844303}.Debug|Any CPU.Build.0 = Debug|Any CPU
		{16BDE2ED-5D57-41E1-BE3A-B9AF58844303}.Release|Any CPU.ActiveCfg = Release|Any CPU
		{16BDE2ED-5D57-41E1-BE3A-B9AF58844303}.Release|Any CPU.Build.0 = Release|Any CPU
		{6CEA9C65-9317-4FB0-B7DF-C5E4F2916929}.Debug|Any CPU.ActiveCfg = Debug|Any CPU
		{6CEA9C65-9317-4FB0-B7DF-C5E4F2916929}.Debug|Any CPU.Build.0 = Debug|Any CPU
		{6CEA9C65-9317-4FB0-B7DF-C5E4F2916929}.Release|Any CPU.ActiveCfg = Release|Any CPU
		{6CEA9C65-9317-4FB0-B7DF-C5E4F2916929}.Release|Any CPU.Build.0 = Release|Any CPU
	EndGlobalSection
	GlobalSection(SolutionProperties) = preSolution
		HideSolutionNode = FALSE
	EndGlobalSection
	GlobalSection(NestedProjects) = preSolution
		{DB34955A-1CA9-4E4E-ACD1-4F79A6D1A0EF} = {80A2BFE1-FACB-4D79-8A87-A967A4808E56}
		{F50703FA-DDF5-4EF2-B44B-81DA6D63B48D} = {80A2BFE1-FACB-4D79-8A87-A967A4808E56}
		{28C06415-984D-4F30-92A1-802D360E8985} = {53728DE3-F73A-46CC-9051-AAD7BE9E34DC}
		{AF4D8DA6-3651-425C-866F-B82E1D41F946} = {53728DE3-F73A-46CC-9051-AAD7BE9E34DC}
		{3F52226F-219B-48FB-8701-54220EA3AC59} = {459DC801-E5B0-4538-A426-D892B9C3292B}
		{017AED3F-D6DB-4E82-B353-8741FA7FE24C} = {459DC801-E5B0-4538-A426-D892B9C3292B}
		{1524087F-B64C-427D-B754-97E9F1F512FC} = {459DC801-E5B0-4538-A426-D892B9C3292B}
		{58F80730-CC53-4F9D-8C8A-72EAFDD9FA97} = {C8403143-7B58-43F2-9214-1260F9E0A10A}
		{D3C79195-0014-42A2-9BA0-40AB661CDE38} = {C8403143-7B58-43F2-9214-1260F9E0A10A}
		{71E0E919-36E3-4AC2-B2F6-6C4C551AF180} = {C8403143-7B58-43F2-9214-1260F9E0A10A}
		{132DF200-F21C-4CEA-8012-C85601000FF4} = {C8403143-7B58-43F2-9214-1260F9E0A10A}
		{38444D2D-066B-4ACF-BD8B-0D7DEE9AF108} = {C8403143-7B58-43F2-9214-1260F9E0A10A}
		{1647AA3B-83CA-41E6-931A-3BC2DD2F192E} = {C8403143-7B58-43F2-9214-1260F9E0A10A}
		{95D87BDF-B0A7-417A-8AB4-D543A2D35A84} = {C8403143-7B58-43F2-9214-1260F9E0A10A}
		{ACB605BD-96C2-4B25-8DBB-D3922635B80F} = {C8403143-7B58-43F2-9214-1260F9E0A10A}
		{77396F49-855E-4556-81D8-A32C30B05E85} = {459DC801-E5B0-4538-A426-D892B9C3292B}
		{3FC64607-AB96-406B-980B-8560D67EDAD0} = {53728DE3-F73A-46CC-9051-AAD7BE9E34DC}
		{53AEB146-F32F-4AD0-B0CE-6DDE622A266A} = {80A2BFE1-FACB-4D79-8A87-A967A4808E56}
		{16BDE2ED-5D57-41E1-BE3A-B9AF58844303} = {53728DE3-F73A-46CC-9051-AAD7BE9E34DC}
		{6CEA9C65-9317-4FB0-B7DF-C5E4F2916929} = {53728DE3-F73A-46CC-9051-AAD7BE9E34DC}
	EndGlobalSection
	GlobalSection(ExtensibilityGlobals) = postSolution
		SolutionGuid = {2E71563E-2237-43E3-8A05-75F7F5F08539}
	EndGlobalSection
EndGlobal
